// !$*UTF8*$!
{
	archiveVersion = 1;
	classes = {
	};
	objectVersion = 70;
	objects = {

/* Begin PBXBuildFile section */
		2DA550672DF36F5400C1AC0C /* DocumentScannerView in Frameworks */ = {isa = PBXBuildFile; productRef = 2DA550662DF36F5400C1AC0C /* DocumentScannerView */; };
/* End PBXBuildFile section */

/* Begin PBXContainerItemProxy section */
		2D7A83362DECA6E1004319F8 /* PBXContainerItemProxy */ = {
			isa = PBXContainerItemProxy;
			containerPortal = 2D7A83202DECA6E0004319F8 /* Project object */;
			proxyType = 1;
			remoteGlobalIDString = 2D7A83272DECA6E0004319F8;
			remoteInfo = Clerk;
		};
		2D7A83402DECA6E1004319F8 /* PBXContainerItemProxy */ = {
			isa = PBXContainerItemProxy;
			containerPortal = 2D7A83202DECA6E0004319F8 /* Project object */;
			proxyType = 1;
			remoteGlobalIDString = 2D7A83272DECA6E0004319F8;
			remoteInfo = Clerk;
		};
/* End PBXContainerItemProxy section */

/* Begin PBXFileReference section */
		2D7A83282DECA6E0004319F8 /* Clerk.app */ = {isa = PBXFileReference; explicitFileType = wrapper.application; includeInIndex = 0; path = Clerk.app; sourceTree = BUILT_PRODUCTS_DIR; };
		2D7A83352DECA6E1004319F8 /* ClerkTests.xctest */ = {isa = PBXFileReference; explicitFileType = wrapper.cfbundle; includeInIndex = 0; path = ClerkTests.xctest; sourceTree = BUILT_PRODUCTS_DIR; };
		2D7A833F2DECA6E1004319F8 /* ClerkUITests.xctest */ = {isa = PBXFileReference; explicitFileType = wrapper.cfbundle; includeInIndex = 0; path = ClerkUITests.xctest; sourceTree = BUILT_PRODUCTS_DIR; };
/* End PBXFileReference section */

/* Begin PBXFileSystemSynchronizedRootGroup section */
		2DDA28AB2DF75D2D00B24080 /* Clerk */ = {isa = PBXFileSystemSynchronizedRootGroup; explicitFileTypes = {}; explicitFolders = (); path = Clerk; sourceTree = "<group>"; };
		2DDA28C12DF75D3300B24080 /* ClerkTests */ = {isa = PBXFileSystemSynchronizedRootGroup; explicitFileTypes = {}; explicitFolders = (); path = ClerkTests; sourceTree = "<group>"; };
		2DDA28C82DF75D3800B24080 /* ClerkUITests */ = {isa = PBXFileSystemSynchronizedRootGroup; explicitFileTypes = {}; explicitFolders = (); path = ClerkUITests; sourceTree = "<group>"; };
/* End PBXFileSystemSynchronizedRootGroup section */

/* Begin PBXFrameworksBuildPhase section */
		2D7A83252DECA6E0004319F8 /* Frameworks */ = {
			isa = PBXFrameworksBuildPhase;
			buildActionMask = 2147483647;
			files = (
				2DA550672DF36F5400C1AC0C /* DocumentScannerView in Frameworks */,
			);
			runOnlyForDeploymentPostprocessing = 0;
		};
		2D7A83322DECA6E1004319F8 /* Frameworks */ = {
			isa = PBXFrameworksBuildPhase;
			buildActionMask = 2147483647;
			files = (
			);
			runOnlyForDeploymentPostprocessing = 0;
		};
		2D7A833C2DECA6E1004319F8 /* Frameworks */ = {
			isa = PBXFrameworksBuildPhase;
			buildActionMask = 2147483647;
			files = (
			);
			runOnlyForDeploymentPostprocessing = 0;
		};
/* End PBXFrameworksBuildPhase section */

/* Begin PBXGroup section */
		2D7A831F2DECA6E0004319F8 = {
			isa = PBXGroup;
			children = (
				2DDA28AB2DF75D2D00B24080 /* Clerk */,
				2DDA28C12DF75D3300B24080 /* ClerkTests */,
				2DDA28C82DF75D3800B24080 /* ClerkUITests */,
				2D7A83292DECA6E0004319F8 /* Products */,
			);
			sourceTree = "<group>";
		};
		2D7A83292DECA6E0004319F8 /* Products */ = {
			isa = PBXGroup;
			children = (
				2D7A83282DECA6E0004319F8 /* Clerk.app */,
				2D7A83352DECA6E1004319F8 /* ClerkTests.xctest */,
				2D7A833F2DECA6E1004319F8 /* ClerkUITests.xctest */,
			);
			name = Products;
			sourceTree = "<group>";
		};
/* End PBXGroup section */

/* Begin PBXNativeTarget section */
		2D7A83272DECA6E0004319F8 /* Clerk */ = {
			isa = PBXNativeTarget;
			buildConfigurationList = 2D7A83492DECA6E1004319F8 /* Build configuration list for PBXNativeTarget "Clerk" */;
			buildPhases = (
				2D7A83242DECA6E0004319F8 /* Sources */,
				2D7A83252DECA6E0004319F8 /* Frameworks */,
				2D7A83262DECA6E0004319F8 /* Resources */,
			);
			buildRules = (
			);
			dependencies = (
			);
			fileSystemSynchronizedGroups = (
				2DDA28AB2DF75D2D00B24080 /* Clerk */,
			);
			name = Clerk;
			packageProductDependencies = (
				2DA550662DF36F5400C1AC0C /* DocumentScannerView */,
			);
			productName = Clerk;
			productReference = 2D7A83282DECA6E0004319F8 /* Clerk.app */;
			productType = "com.apple.product-type.application";
		};
		2D7A83342DECA6E1004319F8 /* ClerkTests */ = {
			isa = PBXNativeTarget;
			buildConfigurationList = 2D7A834C2DECA6E1004319F8 /* Build configuration list for PBXNativeTarget "ClerkTests" */;
			buildPhases = (
				2D7A83312DECA6E1004319F8 /* Sources */,
				2D7A83322DECA6E1004319F8 /* Frameworks */,
				2D7A83332DECA6E1004319F8 /* Resources */,
			);
			buildRules = (
			);
			dependencies = (
				2D7A83372DECA6E1004319F8 /* PBXTargetDependency */,
			);
			fileSystemSynchronizedGroups = (
				2DDA28C12DF75D3300B24080 /* ClerkTests */,
			);
			name = ClerkTests;
			packageProductDependencies = (
			);
			productName = ClerkTests;
			productReference = 2D7A83352DECA6E1004319F8 /* ClerkTests.xctest */;
			productType = "com.apple.product-type.bundle.unit-test";
		};
		2D7A833E2DECA6E1004319F8 /* ClerkUITests */ = {
			isa = PBXNativeTarget;
			buildConfigurationList = 2D7A834F2DECA6E1004319F8 /* Build configuration list for PBXNativeTarget "ClerkUITests" */;
			buildPhases = (
				2D7A833B2DECA6E1004319F8 /* Sources */,
				2D7A833C2DECA6E1004319F8 /* Frameworks */,
				2D7A833D2DECA6E1004319F8 /* Resources */,
			);
			buildRules = (
			);
			dependencies = (
				2D7A83412DECA6E1004319F8 /* PBXTargetDependency */,
			);
			fileSystemSynchronizedGroups = (
				2DDA28C82DF75D3800B24080 /* ClerkUITests */,
			);
			name = ClerkUITests;
			packageProductDependencies = (
			);
			productName = ClerkUITests;
			productReference = 2D7A833F2DECA6E1004319F8 /* ClerkUITests.xctest */;
			productType = "com.apple.product-type.bundle.ui-testing";
		};
/* End PBXNativeTarget section */

/* Begin PBXProject section */
		2D7A83202DECA6E0004319F8 /* Project object */ = {
			isa = PBXProject;
			attributes = {
				BuildIndependentTargetsInParallel = 1;
				LastSwiftUpdateCheck = 1630;
				LastUpgradeCheck = 1630;
				TargetAttributes = {
					2D7A83272DECA6E0004319F8 = {
						CreatedOnToolsVersion = 16.3;
					};
					2D7A83342DECA6E1004319F8 = {
						CreatedOnToolsVersion = 16.3;
						TestTargetID = 2D7A83272DECA6E0004319F8;
					};
					2D7A833E2DECA6E1004319F8 = {
						CreatedOnToolsVersion = 16.3;
						TestTargetID = 2D7A83272DECA6E0004319F8;
					};
				};
			};
			buildConfigurationList = 2D7A83232DECA6E0004319F8 /* Build configuration list for PBXProject "Clerk" */;
			compatibilityVersion = "Xcode 14.0";
			developmentRegion = en;
			hasScannedForEncodings = 0;
			knownRegions = (
				en,
				Base,
			);
			mainGroup = 2D7A831F2DECA6E0004319F8;
			packageReferences = (
				2DA550652DF36F5400C1AC0C /* XCRemoteSwiftPackageReference "DocumentScannerView" */,
			);
			productRefGroup = 2D7A83292DECA6E0004319F8 /* Products */;
			projectDirPath = "";
			projectRoot = "";
			targets = (
				2D7A83272DECA6E0004319F8 /* Clerk */,
				2D7A83342DECA6E1004319F8 /* ClerkTests */,
				2D7A833E2DECA6E1004319F8 /* ClerkUITests */,
			);
		};
/* End PBXProject section */

/* Begin PBXResourcesBuildPhase section */
		2D7A83262DECA6E0004319F8 /* Resources */ = {
			isa = PBXResourcesBuildPhase;
			buildActionMask = 2147483647;
			files = (
			);
			runOnlyForDeploymentPostprocessing = 0;
		};
		2D7A83332DECA6E1004319F8 /* Resources */ = {
			isa = PBXResourcesBuildPhase;
			buildActionMask = 2147483647;
			files = (
			);
			runOnlyForDeploymentPostprocessing = 0;
		};
		2D7A833D2DECA6E1004319F8 /* Resources */ = {
			isa = PBXResourcesBuildPhase;
			buildActionMask = 2147483647;
			files = (
			);
			runOnlyForDeploymentPostprocessing = 0;
		};
/* End PBXResourcesBuildPhase section */

/* Begin PBXSourcesBuildPhase section */
		2D7A83242DECA6E0004319F8 /* Sources */ = {
			isa = PBXSourcesBuildPhase;
			buildActionMask = 2147483647;
			files = (
			);
			runOnlyForDeploymentPostprocessing = 0;
		};
		2D7A83312DECA6E1004319F8 /* Sources */ = {
			isa = PBXSourcesBuildPhase;
			buildActionMask = 2147483647;
			files = (
			);
			runOnlyForDeploymentPostprocessing = 0;
		};
		2D7A833B2DECA6E1004319F8 /* Sources */ = {
			isa = PBXSourcesBuildPhase;
			buildActionMask = 2147483647;
			files = (
			);
			runOnlyForDeploymentPostprocessing = 0;
		};
/* End PBXSourcesBuildPhase section */

/* Begin PBXTargetDependency section */
		2D7A83372DECA6E1004319F8 /* PBXTargetDependency */ = {
			isa = PBXTargetDependency;
			target = 2D7A83272DECA6E0004319F8 /* Clerk */;
			targetProxy = 2D7A83362DECA6E1004319F8 /* PBXContainerItemProxy */;
		};
		2D7A83412DECA6E1004319F8 /* PBXTargetDependency */ = {
			isa = PBXTargetDependency;
			target = 2D7A83272DECA6E0004319F8 /* Clerk */;
			targetProxy = 2D7A83402DECA6E1004319F8 /* PBXContainerItemProxy */;
		};
/* End PBXTargetDependency section */

/* Begin XCBuildConfiguration section */
		2D7A83472DECA6E1004319F8 /* Debug */ = {
			isa = XCBuildConfiguration;
			buildSettings = {
				ALWAYS_SEARCH_USER_PATHS = NO;
				ASSETCATALOG_COMPILER_GENERATE_SWIFT_ASSET_SYMBOL_EXTENSIONS = YES;
				CLANG_ANALYZER_NONNULL = YES;
				CLANG_ANALYZER_NUMBER_OBJECT_CONVERSION = YES_AGGRESSIVE;
				CLANG_CXX_LANGUAGE_STANDARD = "gnu++20";
				CLANG_ENABLE_MODULES = YES;
				CLANG_ENABLE_OBJC_ARC = YES;
				CLANG_ENABLE_OBJC_WEAK = YES;
				CLANG_WARN_BLOCK_CAPTURE_AUTORELEASING = YES;
				CLANG_WARN_BOOL_CONVERSION = YES;
				CLANG_WARN_COMMA = YES;
				CLANG_WARN_CONSTANT_CONVERSION = YES;
				CLANG_WARN_DEPRECATED_OBJC_IMPLEMENTATIONS = YES;
				CLANG_WARN_DIRECT_OBJC_ISA_USAGE = YES_ERROR;
				CLANG_WARN_DOCUMENTATION_COMMENTS = YES;
				CLANG_WARN_EMPTY_BODY = YES;
				CLANG_WARN_ENUM_CONVERSION = YES;
				CLANG_WARN_INFINITE_RECURSION = YES;
				CLANG_WARN_INT_CONVERSION = YES;
				CLANG_WARN_NON_LITERAL_NULL_CONVERSION = YES;
				CLANG_WARN_OBJC_IMPLICIT_RETAIN_SELF = YES;
				CLANG_WARN_OBJC_LITERAL_CONVERSION = YES;
				CLANG_WARN_OBJC_ROOT_CLASS = YES_ERROR;
				CLANG_WARN_QUOTED_INCLUDE_IN_FRAMEWORK_HEADER = YES;
				CLANG_WARN_RANGE_LOOP_ANALYSIS = YES;
				CLANG_WARN_STRICT_PROTOTYPES = YES;
				CLANG_WARN_SUSPICIOUS_MOVE = YES;
				CLANG_WARN_UNGUARDED_AVAILABILITY = YES_AGGRESSIVE;
				CLANG_WARN_UNREACHABLE_CODE = YES;
				CLANG_WARN__DUPLICATE_METHOD_MATCH = YES;
				COPY_PHASE_STRIP = NO;
				DEBUG_INFORMATION_FORMAT = dwarf;
				DEVELOPMENT_TEAM = BL9H4P7BNG;
				ENABLE_STRICT_OBJC_MSGSEND = YES;
				ENABLE_TESTABILITY = YES;
				ENABLE_USER_SCRIPT_SANDBOXING = YES;
				GCC_C_LANGUAGE_STANDARD = gnu17;
				GCC_DYNAMIC_NO_PIC = NO;
				GCC_NO_COMMON_BLOCKS = YES;
				GCC_OPTIMIZATION_LEVEL = 0;
				GCC_PREPROCESSOR_DEFINITIONS = (
					"DEBUG=1",
					"$(inherited)",
				);
				GCC_WARN_64_TO_32_BIT_CONVERSION = YES;
				GCC_WARN_ABOUT_RETURN_TYPE = YES_ERROR;
				GCC_WARN_UNDECLARED_SELECTOR = YES;
				GCC_WARN_UNINITIALIZED_AUTOS = YES_AGGRESSIVE;
				GCC_WARN_UNUSED_FUNCTION = YES;
				GCC_WARN_UNUSED_VARIABLE = YES;
				IPHONEOS_DEPLOYMENT_TARGET = 17.6;
				LOCALIZATION_PREFERS_STRING_CATALOGS = YES;
				MTL_ENABLE_DEBUG_INFO = INCLUDE_SOURCE;
				MTL_FAST_MATH = YES;
				ONLY_ACTIVE_ARCH = YES;
				SDKROOT = iphoneos;
				SWIFT_ACTIVE_COMPILATION_CONDITIONS = "DEBUG $(inherited)";
				SWIFT_OPTIMIZATION_LEVEL = "-Onone";
			};
			name = Debug;
		};
		2D7A83482DECA6E1004319F8 /* Release */ = {
			isa = XCBuildConfiguration;
			buildSettings = {
				ALWAYS_SEARCH_USER_PATHS = NO;
				ASSETCATALOG_COMPILER_GENERATE_SWIFT_ASSET_SYMBOL_EXTENSIONS = YES;
				CLANG_ANALYZER_NONNULL = YES;
				CLANG_ANALYZER_NUMBER_OBJECT_CONVERSION = YES_AGGRESSIVE;
				CLANG_CXX_LANGUAGE_STANDARD = "gnu++20";
				CLANG_ENABLE_MODULES = YES;
				CLANG_ENABLE_OBJC_ARC = YES;
				CLANG_ENABLE_OBJC_WEAK = YES;
				CLANG_WARN_BLOCK_CAPTURE_AUTORELEASING = YES;
				CLANG_WARN_BOOL_CONVERSION = YES;
				CLANG_WARN_COMMA = YES;
				CLANG_WARN_CONSTANT_CONVERSION = YES;
				CLANG_WARN_DEPRECATED_OBJC_IMPLEMENTATIONS = YES;
				CLANG_WARN_DIRECT_OBJC_ISA_USAGE = YES_ERROR;
				CLANG_WARN_DOCUMENTATION_COMMENTS = YES;
				CLANG_WARN_EMPTY_BODY = YES;
				CLANG_WARN_ENUM_CONVERSION = YES;
				CLANG_WARN_INFINITE_RECURSION = YES;
				CLANG_WARN_INT_CONVERSION = YES;
				CLANG_WARN_NON_LITERAL_NULL_CONVERSION = YES;
				CLANG_WARN_OBJC_IMPLICIT_RETAIN_SELF = YES;
				CLANG_WARN_OBJC_LITERAL_CONVERSION = YES;
				CLANG_WARN_OBJC_ROOT_CLASS = YES_ERROR;
				CLANG_WARN_QUOTED_INCLUDE_IN_FRAMEWORK_HEADER = YES;
				CLANG_WARN_RANGE_LOOP_ANALYSIS = YES;
				CLANG_WARN_STRICT_PROTOTYPES = YES;
				CLANG_WARN_SUSPICIOUS_MOVE = YES;
				CLANG_WARN_UNGUARDED_AVAILABILITY = YES_AGGRESSIVE;
				CLANG_WARN_UNREACHABLE_CODE = YES;
				CLANG_WARN__DUPLICATE_METHOD_MATCH = YES;
				COPY_PHASE_STRIP = NO;
				DEBUG_INFORMATION_FORMAT = "dwarf-with-dsym";
				DEVELOPMENT_TEAM = BL9H4P7BNG;
				ENABLE_NS_ASSERTIONS = NO;
				ENABLE_STRICT_OBJC_MSGSEND = YES;
				ENABLE_TESTABILITY = YES;
				ENABLE_USER_SCRIPT_SANDBOXING = YES;
				GCC_C_LANGUAGE_STANDARD = gnu17;
				GCC_NO_COMMON_BLOCKS = YES;
				GCC_WARN_64_TO_32_BIT_CONVERSION = YES;
				GCC_WARN_ABOUT_RETURN_TYPE = YES_ERROR;
				GCC_WARN_UNDECLARED_SELECTOR = YES;
				GCC_WARN_UNINITIALIZED_AUTOS = YES_AGGRESSIVE;
				GCC_WARN_UNUSED_FUNCTION = YES;
				GCC_WARN_UNUSED_VARIABLE = YES;
				IPHONEOS_DEPLOYMENT_TARGET = 17.6;
				LOCALIZATION_PREFERS_STRING_CATALOGS = YES;
				MTL_ENABLE_DEBUG_INFO = NO;
				MTL_FAST_MATH = YES;
				SDKROOT = iphoneos;
				SWIFT_COMPILATION_MODE = wholemodule;
				VALIDATE_PRODUCT = YES;
			};
			name = Release;
		};
		2D7A834A2DECA6E1004319F8 /* Debug */ = {
			isa = XCBuildConfiguration;
			buildSettings = {
				ASSETCATALOG_COMPILER_APPICON_NAME = AppIcon;
				ASSETCATALOG_COMPILER_GLOBAL_ACCENT_COLOR_NAME = AccentColor;
				CODE_SIGN_STYLE = Automatic;
				CURRENT_PROJECT_VERSION = 1;
				DEVELOPMENT_TEAM = BL9H4P7BNG;
				ENABLE_PREVIEWS = YES;
				GENERATE_INFOPLIST_FILE = YES;
				INFOPLIST_FILE = Clerk/Info.plist;
				INFOPLIST_KEY_NSCameraUsageDescription = "This app needs camera access to scan documents.";
				INFOPLIST_KEY_UIApplicationSceneManifest_Generation = YES;
				INFOPLIST_KEY_UIApplicationSupportsIndirectInputEvents = YES;
				INFOPLIST_KEY_UILaunchScreen_Generation = YES;
				INFOPLIST_KEY_UISupportedInterfaceOrientations_iPad = "UIInterfaceOrientationPortrait UIInterfaceOrientationPortraitUpsideDown UIInterfaceOrientationLandscapeLeft UIInterfaceOrientationLandscapeRight";
				INFOPLIST_KEY_UISupportedInterfaceOrientations_iPhone = "UIInterfaceOrientationPortrait UIInterfaceOrientationLandscapeLeft UIInterfaceOrientationLandscapeRight";
				LD_RUNPATH_SEARCH_PATHS = (
					"$(inherited)",
					"@executable_path/Frameworks",
				);
				MARKETING_VERSION = 1.0;
				PRODUCT_BUNDLE_IDENTIFIER = clerkapp.Clerk;
				PRODUCT_NAME = "$(TARGET_NAME)";
				SWIFT_EMIT_LOC_STRINGS = YES;
				SWIFT_VERSION = 5.0;
				TARGETED_DEVICE_FAMILY = "1,2";
			};
			name = Debug;
		};
		2D7A834B2DECA6E1004319F8 /* Release */ = {
			isa = XCBuildConfiguration;
			buildSettings = {
				ASSETCATALOG_COMPILER_APPICON_NAME = AppIcon;
				ASSETCATALOG_COMPILER_GLOBAL_ACCENT_COLOR_NAME = AccentColor;
				CODE_SIGN_STYLE = Automatic;
				CURRENT_PROJECT_VERSION = 1;
				DEVELOPMENT_TEAM = BL9H4P7BNG;
				ENABLE_PREVIEWS = YES;
				GENERATE_INFOPLIST_FILE = YES;
				INFOPLIST_FILE = Clerk/Info.plist;
				INFOPLIST_KEY_NSCameraUsageDescription = "This app needs camera access to scan documents.";
				INFOPLIST_KEY_UIApplicationSceneManifest_Generation = YES;
				INFOPLIST_KEY_UIApplicationSupportsIndirectInputEvents = YES;
				INFOPLIST_KEY_UILaunchScreen_Generation = YES;
				INFOPLIST_KEY_UISupportedInterfaceOrientations_iPad = "UIInterfaceOrientationPortrait UIInterfaceOrientationPortraitUpsideDown UIInterfaceOrientationLandscapeLeft UIInterfaceOrientationLandscapeRight";
				INFOPLIST_KEY_UISupportedInterfaceOrientations_iPhone = "UIInterfaceOrientationPortrait UIInterfaceOrientationLandscapeLeft UIInterfaceOrientationLandscapeRight";
				LD_RUNPATH_SEARCH_PATHS = (
					"$(inherited)",
					"@executable_path/Frameworks",
				);
				MARKETING_VERSION = 1.0;
				PRODUCT_BUNDLE_IDENTIFIER = clerkapp.Clerk;
				PRODUCT_NAME = "$(TARGET_NAME)";
				SWIFT_EMIT_LOC_STRINGS = YES;
				SWIFT_VERSION = 5.0;
				TARGETED_DEVICE_FAMILY = "1,2";
			};
			name = Release;
		};
		2D7A834D2DECA6E1004319F8 /* Debug */ = {
			isa = XCBuildConfiguration;
			buildSettings = {
				BUNDLE_LOADER = "$(TEST_HOST)";
				CODE_SIGN_STYLE = Automatic;
				CURRENT_PROJECT_VERSION = 1;
				DEVELOPMENT_TEAM = BL9H4P7BNG;
				GENERATE_INFOPLIST_FILE = YES;
				IPHONEOS_DEPLOYMENT_TARGET = 17.6;
				MARKETING_VERSION = 1.0;
				PRODUCT_BUNDLE_IDENTIFIER = clerkapp.ClerkTests;
				PRODUCT_NAME = "$(TARGET_NAME)";
				SWIFT_EMIT_LOC_STRINGS = NO;
				SWIFT_VERSION = 5.0;
				TARGETED_DEVICE_FAMILY = "1,2";
				TEST_HOST = "$(BUILT_PRODUCTS_DIR)/Clerk.app/$(BUNDLE_EXECUTABLE_FOLDER_PATH)/Clerk";
			};
			name = Debug;
		};
		2D7A834E2DECA6E1004319F8 /* Release */ = {
			isa = XCBuildConfiguration;
			buildSettings = {
				BUNDLE_LOADER = "$(TEST_HOST)";
				CODE_SIGN_STYLE = Automatic;
				CURRENT_PROJECT_VERSION = 1;
				DEVELOPMENT_TEAM = BL9H4P7BNG;
				GENERATE_INFOPLIST_FILE = YES;
				IPHONEOS_DEPLOYMENT_TARGET = 17.6;
				MARKETING_VERSION = 1.0;
				PRODUCT_BUNDLE_IDENTIFIER = clerkapp.ClerkTests;
				PRODUCT_NAME = "$(TARGET_NAME)";
				SWIFT_EMIT_LOC_STRINGS = NO;
				SWIFT_VERSION = 5.0;
				TARGETED_DEVICE_FAMILY = "1,2";
				TEST_HOST = "$(BUILT_PRODUCTS_DIR)/Clerk.app/$(BUNDLE_EXECUTABLE_FOLDER_PATH)/Clerk";
			};
			name = Release;
		};
		2D7A83502DECA6E1004319F8 /* Debug */ = {
			isa = XCBuildConfiguration;
			buildSettings = {
				CODE_SIGN_STYLE = Automatic;
				CURRENT_PROJECT_VERSION = 1;
				DEVELOPMENT_TEAM = BL9H4P7BNG;
				GENERATE_INFOPLIST_FILE = YES;
				MARKETING_VERSION = 1.0;
				PRODUCT_BUNDLE_IDENTIFIER = clerkapp.ClerkUITests;
				PRODUCT_NAME = "$(TARGET_NAME)";
				SWIFT_EMIT_LOC_STRINGS = NO;
				SWIFT_VERSION = 5.0;
				TARGETED_DEVICE_FAMILY = "1,2";
				TEST_TARGET_NAME = Clerk;
			};
			name = Debug;
		};
		2D7A83512DECA6E1004319F8 /* Release */ = {
			isa = XCBuildConfiguration;
			buildSettings = {
				CODE_SIGN_STYLE = Automatic;
				CURRENT_PROJECT_VERSION = 1;
				DEVELOPMENT_TEAM = BL9H4P7BNG;
				GENERATE_INFOPLIST_FILE = YES;
				MARKETING_VERSION = 1.0;
				PRODUCT_BUNDLE_IDENTIFIER = clerkapp.ClerkUITests;
				PRODUCT_NAME = "$(TARGET_NAME)";
				SWIFT_EMIT_LOC_STRINGS = NO;
				SWIFT_VERSION = 5.0;
				TARGETED_DEVICE_FAMILY = "1,2";
				TEST_TARGET_NAME = Clerk;
			};
			name = Release;
		};
/* End XCBuildConfiguration section */

/* Begin XCConfigurationList section */
		2D7A83232DECA6E0004319F8 /* Build configuration list for PBXProject "Clerk" */ = {
			isa = XCConfigurationList;
			buildConfigurations = (
				2D7A83472DECA6E1004319F8 /* Debug */,
				2D7A83482DECA6E1004319F8 /* Release */,
			);
			defaultConfigurationIsVisible = 0;
			defaultConfigurationName = Release;
		};
		2D7A83492DECA6E1004319F8 /* Build configuration list for PBXNativeTarget "Clerk" */ = {
			isa = XCConfigurationList;
			buildConfigurations = (
				2D7A834A2DECA6E1004319F8 /* Debug */,
				2D7A834B2DECA6E1004319F8 /* Release */,
			);
			defaultConfigurationIsVisible = 0;
			defaultConfigurationName = Release;
		};
		2D7A834C2DECA6E1004319F8 /* Build configuration list for PBXNativeTarget "ClerkTests" */ = {
			isa = XCConfigurationList;
			buildConfigurations = (
				2D7A834D2DECA6E1004319F8 /* Debug */,
				2D7A834E2DECA6E1004319F8 /* Release */,
			);
			defaultConfigurationIsVisible = 0;
			defaultConfigurationName = Release;
		};
		2D7A834F2DECA6E1004319F8 /* Build configuration list for PBXNativeTarget "ClerkUITests" */ = {
			isa = XCConfigurationList;
			buildConfigurations = (
				2D7A83502DECA6E1004319F8 /* Debug */,
				2D7A83512DECA6E1004319F8 /* Release */,
			);
			defaultConfigurationIsVisible = 0;
			defaultConfigurationName = Release;
		};
/* End XCConfigurationList section */

/* Begin XCRemoteSwiftPackageReference section */
		2DA550652DF36F5400C1AC0C /* XCRemoteSwiftPackageReference "DocumentScannerView" */ = {
			isa = XCRemoteSwiftPackageReference;
			repositoryURL = "https://github.com/edonv/DocumentScannerView";
			requirement = {
				kind = upToNextMajorVersion;
				minimumVersion = 0.0.6;
			};
		};
/* End XCRemoteSwiftPackageReference section */

/* Begin XCSwiftPackageProductDependency section */
		2DA550662DF36F5400C1AC0C /* DocumentScannerView */ = {
			isa = XCSwiftPackageProductDependency;
			package = 2DA550652DF36F5400C1AC0C /* XCRemoteSwiftPackageReference "DocumentScannerView" */;
			productName = DocumentScannerView;
		};
/* End XCSwiftPackageProductDependency section */
	};
	rootObject = 2D7A83202DECA6E0004319F8 /* Project object */;
}
